
Microsoft Visual Studio Solution File, Format Version 12.00
# Visual Studio Version 17
VisualStudioVersion = 17.0.31903.59
MinimumVisualStudioVersion = 10.0.40219.1
Project("{2150E333-8FDC-42A3-9474-1A3956D46DE8}") = "src", "src", "{827E0CD3-B72D-47B6-A68D-7590B98EB39B}"
EndProject
Project("{FAE04EC0-301F-11D3-BF4B-00C04F79EFBC}") = "TechHire.Domain", "src\TechHire.Domain\TechHire.Domain.csproj", "{9205EA57-33A9-4D2E-BDD7-EEFC6C59056E}"
EndProject
Project("{FAE04EC0-301F-11D3-BF4B-00C04F79EFBC}") = "TechHire.Application", "src\TechHire.Application\TechHire.Application.csproj", "{D2813B5C-9779-47D1-A49B-C019C94F2346}"
EndProject
Project("{FAE04EC0-301F-11D3-BF4B-00C04F79EFBC}") = "TechHire.Infrastructure", "src\TechHire.Infrastructure\TechHire.Infrastructure.csproj", "{13004968-AF9D-484C-BF73-A7A0C75E061A}"
EndProject
Project("{FAE04EC0-301F-11D3-BF4B-00C04F79EFBC}") = "TechHire.API", "src\TechHire.API\TechHire.API.csproj", "{D439EA6B-5D6B-439D-B485-9358397F7BA1}"
EndProject
Project("{2150E333-8FDC-42A3-9474-1A3956D46DE8}") = "tests", "tests", "{0AB3BF05-4346-4AA6-1389-037BE0695223}"
EndProject
Project("{FAE04EC0-301F-11D3-BF4B-00C04F79EFBC}") = "TechHire.Application.Tests", "tests\TechHire.Application.Tests\TechHire.Application.Tests.csproj", "{C6308D51-C7B0-4E2B-8F45-0255A22C1F23}"
EndProject
Global
	GlobalSection(SolutionConfigurationPlatforms) = preSolution
		Debug|Any CPU = Debug|Any CPU
		Debug|x64 = Debug|x64
		Debug|x86 = Debug|x86
		Release|Any CPU = Release|Any CPU
		Release|x64 = Release|x64
		Release|x86 = Release|x86
	EndGlobalSection
	GlobalSection(ProjectConfigurationPlatforms) = postSolution
		{9205EA57-33A9-4D2E-BDD7-EEFC6C59056E}.Debug|Any CPU.ActiveCfg = Debug|Any CPU
		{9205EA57-33A9-4D2E-BDD7-EEFC6C59056E}.Debug|Any CPU.Build.0 = Debug|Any CPU
		{9205EA57-33A9-4D2E-BDD7-EEFC6C59056E}.Debug|x64.ActiveCfg = Debug|Any CPU
		{9205EA57-33A9-4D2E-BDD7-EEFC6C59056E}.Debug|x64.Build.0 = Debug|Any CPU
		{9205EA57-33A9-4D2E-BDD7-EEFC6C59056E}.Debug|x86.ActiveCfg = Debug|Any CPU
		{9205EA57-33A9-4D2E-BDD7-EEFC6C59056E}.Debug|x86.Build.0 = Debug|Any CPU
		{9205EA57-33A9-4D2E-BDD7-EEFC6C59056E}.Release|Any CPU.ActiveCfg = Release|Any CPU
		{9205EA57-33A9-4D2E-BDD7-EEFC6C59056E}.Release|Any CPU.Build.0 = Release|Any CPU
		{9205EA57-33A9-4D2E-BDD7-EEFC6C59056E}.Release|x64.ActiveCfg = Release|Any CPU
		{9205EA57-33A9-4D2E-BDD7-EEFC6C59056E}.Release|x64.Build.0 = Release|Any CPU
		{9205EA57-33A9-4D2E-BDD7-EEFC6C59056E}.Release|x86.ActiveCfg = Release|Any CPU
		{9205EA57-33A9-4D2E-BDD7-EEFC6C59056E}.Release|x86.Build.0 = Release|Any CPU
		{D2813B5C-9779-47D1-A49B-C019C94F2346}.Debug|Any CPU.ActiveCfg = Debug|Any CPU
		{D2813B5C-9779-47D1-A49B-C019C94F2346}.Debug|Any CPU.Build.0 = Debug|Any CPU
		{D2813B5C-9779-47D1-A49B-C019C94F2346}.Debug|x64.ActiveCfg = Debug|Any CPU
		{D2813B5C-9779-47D1-A49B-C019C94F2346}.Debug|x64.Build.0 = Debug|Any CPU
		{D2813B5C-9779-47D1-A49B-C019C94F2346}.Debug|x86.ActiveCfg = Debug|Any CPU
		{D2813B5C-9779-47D1-A49B-C019C94F2346}.Debug|x86.Build.0 = Debug|Any CPU
		{D2813B5C-9779-47D1-A49B-C019C94F2346}.Release|Any CPU.ActiveCfg = Release|Any CPU
		{D2813B5C-9779-47D1-A49B-C019C94F2346}.Release|Any CPU.Build.0 = Release|Any CPU
		{D2813B5C-9779-47D1-A49B-C019C94F2346}.Release|x64.ActiveCfg = Release|Any CPU
		{D2813B5C-9779-47D1-A49B-C019C94F2346}.Release|x64.Build.0 = Release|Any CPU
		{D2813B5C-9779-47D1-A49B-C019C94F2346}.Release|x86.ActiveCfg = Release|Any CPU
		{D2813B5C-9779-47D1-A49B-C019C94F2346}.Release|x86.Build.0 = Release|Any CPU
		{13004968-AF9D-484C-BF73-A7A0C75E061A}.Debug|Any CPU.ActiveCfg = Debug|Any CPU
		{13004968-AF9D-484C-BF73-A7A0C75E061A}.Debug|Any CPU.Build.0 = Debug|Any CPU
		{13004968-AF9D-484C-BF73-A7A0C75E061A}.Debug|x64.ActiveCfg = Debug|Any CPU
		{13004968-AF9D-484C-BF73-A7A0C75E061A}.Debug|x64.Build.0 = Debug|Any CPU
		{13004968-AF9D-484C-BF73-A7A0C75E061A}.Debug|x86.ActiveCfg = Debug|Any CPU
		{13004968-AF9D-484C-BF73-A7A0C75E061A}.Debug|x86.Build.0 = Debug|Any CPU
		{13004968-AF9D-484C-BF73-A7A0C75E061A}.Release|Any CPU.ActiveCfg = Release|Any CPU
		{13004968-AF9D-484C-BF73-A7A0C75E061A}.Release|Any CPU.Build.0 = Release|Any CPU
		{13004968-AF9D-484C-BF73-A7A0C75E061A}.Release|x64.ActiveCfg = Release|Any CPU
		{13004968-AF9D-484C-BF73-A7A0C75E061A}.Release|x64.Build.0 = Release|Any CPU
		{13004968-AF9D-484C-BF73-A7A0C75E061A}.Release|x86.ActiveCfg = Release|Any CPU
		{13004968-AF9D-484C-BF73-A7A0C75E061A}.Release|x86.Build.0 = Release|Any CPU
		{D439EA6B-5D6B-439D-B485-9358397F7BA1}.Debug|Any CPU.ActiveCfg = Debug|Any CPU
		{D439EA6B-5D6B-439D-B485-9358397F7BA1}.Debug|Any CPU.Build.0 = Debug|Any CPU
		{D439EA6B-5D6B-439D-B485-9358397F7BA1}.Debug|x64.ActiveCfg = Debug|Any CPU
		{D439EA6B-5D6B-439D-B485-9358397F7BA1}.Debug|x64.Build.0 = Debug|Any CPU
		{D439EA6B-5D6B-439D-B485-9358397F7BA1}.Debug|x86.ActiveCfg = Debug|Any CPU
		{D439EA6B-5D6B-439D-B485-9358397F7BA1}.Debug|x86.Build.0 = Debug|Any CPU
		{D439EA6B-5D6B-439D-B485-9358397F7BA1}.Release|Any CPU.ActiveCfg = Release|Any CPU
		{D439EA6B-5D6B-439D-B485-9358397F7BA1}.Release|Any CPU.Build.0 = Release|Any CPU
		{D439EA6B-5D6B-439D-B485-9358397F7BA1}.Release|x64.ActiveCfg = Release|Any CPU
		{D439EA6B-5D6B-439D-B485-9358397F7BA1}.Release|x64.Build.0 = Release|Any CPU
		{D439EA6B-5D6B-439D-B485-9358397F7BA1}.Release|x86.ActiveCfg = Release|Any CPU
		{D439EA6B-5D6B-439D-B485-9358397F7BA1}.Release|x86.Build.0 = Release|Any CPU
		{C6308D51-C7B0-4E2B-8F45-0255A22C1F23}.Debug|Any CPU.ActiveCfg = Debug|Any CPU
		{C6308D51-C7B0-4E2B-8F45-0255A22C1F23}.Debug|Any CPU.Build.0 = Debug|Any CPU
		{C6308D51-C7B0-4E2B-8F45-0255A22C1F23}.Debug|x64.ActiveCfg = Debug|Any CPU
		{C6308D51-C7B0-4E2B-8F45-0255A22C1F23}.Debug|x64.Build.0 = Debug|Any CPU
		{C6308D51-C7B0-4E2B-8F45-0255A22C1F23}.Debug|x86.ActiveCfg = Debug|Any CPU
		{C6308D51-C7B0-4E2B-8F45-0255A22C1F23}.Debug|x86.Build.0 = Debug|Any CPU
		{C6308D51-C7B0-4E2B-8F45-0255A22C1F23}.Release|Any CPU.ActiveCfg = Release|Any CPU
		{C6308D51-C7B0-4E2B-8F45-0255A22C1F23}.Release|Any CPU.Build.0 = Release|Any CPU
		{C6308D51-C7B0-4E2B-8F45-0255A22C1F23}.Release|x64.ActiveCfg = Release|Any CPU
		{C6308D51-C7B0-4E2B-8F45-0255A22C1F23}.Release|x64.Build.0 = Release|Any CPU
		{C6308D51-C7B0-4E2B-8F45-0255A22C1F23}.Release|x86.ActiveCfg = Release|Any CPU
		{C6308D51-C7B0-4E2B-8F45-0255A22C1F23}.Release|x86.Build.0 = Release|Any CPU
	EndGlobalSection
	GlobalSection(SolutionProperties) = preSolution
		HideSolutionNode = FALSE
	EndGlobalSection
	GlobalSection(NestedProjects) = preSolution
		{9205EA57-33A9-4D2E-BDD7-EEFC6C59056E} = {827E0CD3-B72D-47B6-A68D-7590B98EB39B}
		{D2813B5C-9779-47D1-A49B-C019C94F2346} = {827E0CD3-B72D-47B6-A68D-7590B98EB39B}
		{13004968-AF9D-484C-BF73-A7A0C75E061A} = {827E0CD3-B72D-47B6-A68D-7590B98EB39B}
		{D439EA6B-5D6B-439D-B485-9358397F7BA1} = {827E0CD3-B72D-47B6-A68D-7590B98EB39B}
		{C6308D51-C7B0-4E2B-8F45-0255A22C1F23} = {0AB3BF05-4346-4AA6-1389-037BE0695223}
	EndGlobalSection
EndGlobal
